
Microsoft Visual Studio Solution File, Format Version 12.00
# Visual Studio Version 16
VisualStudioVersion = 16.0.30413.136
MinimumVisualStudioVersion = 10.0.40219.1
Project("{8BC9CEB8-8B4A-11D0-8D11-00A0C91BC942}") = "Practice07_01_Operator_Math", "Practice07_01_Operator_Math\Practice07_01_Operator_Math.vcxproj", "{F0072D37-5A44-45FA-85C4-A357BA04FE51}"
EndProject
Project("{8BC9CEB8-8B4A-11D0-8D11-00A0C91BC942}") = "Practice07_02_Operator_Compare", "Practice07_02_Operator_Compare\Practice07_02_Operator_Compare.vcxproj", "{0004F577-BCBD-4CC6-9E1E-BA4D42722154}"
EndProject
Project("{8BC9CEB8-8B4A-11D0-8D11-00A0C91BC942}") = "Practice07_03_Operator", "Practice07_03_Operator\Practice07_03_Operator.vcxproj", "{4AB81519-56B8-43C6-AB75-5CDFA92F0DC9}"
EndProject
Project("{8BC9CEB8-8B4A-11D0-8D11-00A0C91BC942}") = "Practice07_04_Template", "Practice07_04_Template\Practice07_04_Template.vcxproj", "{CA7D30AD-BF44-4775-88D3-47A9A588CEB0}"
EndProject
Project("{8BC9CEB8-8B4A-11D0-8D11-00A0C91BC942}") = "Practice07_05_ClassTemplate", "Practice07_05_ClassTemplate\Practice07_05_ClassTemplate.vcxproj", "{2D4FADBE-4396-4DB5-BF96-BD859087BCA0}"
EndProject
Global
	GlobalSection(SolutionConfigurationPlatforms) = preSolution
		Debug|x64 = Debug|x64
		Debug|x86 = Debug|x86
		Release|x64 = Release|x64
		Release|x86 = Release|x86
	EndGlobalSection
	GlobalSection(ProjectConfigurationPlatforms) = postSolution
		{F0072D37-5A44-45FA-85C4-A357BA04FE51}.Debug|x64.ActiveCfg = Debug|x64
		{F0072D37-5A44-45FA-85C4-A357BA04FE51}.Debug|x64.Build.0 = Debug|x64
		{F0072D37-5A44-45FA-85C4-A357BA04FE51}.Debug|x86.ActiveCfg = Debug|Win32
		{F0072D37-5A44-45FA-85C4-A357BA04FE51}.Debug|x86.Build.0 = Debug|Win32
		{F0072D37-5A44-45FA-85C4-A357BA04FE51}.Release|x64.ActiveCfg = Release|x64
		{F0072D37-5A44-45FA-85C4-A357BA04FE51}.Release|x64.Build.0 = Release|x64
		{F0072D37-5A44-45FA-85C4-A357BA04FE51}.Release|x86.ActiveCfg = Release|Win32
		{F0072D37-5A44-45FA-85C4-A357BA04FE51}.Release|x86.Build.0 = Release|Win32
		{0004F577-BCBD-4CC6-9E1E-BA4D42722154}.Debug|x64.ActiveCfg = Debug|x64
		{0004F577-BCBD-4CC6-9E1E-BA4D42722154}.Debug|x64.Build.0 = Debug|x64
		{0004F577-BCBD-4CC6-9E1E-BA4D42722154}.Debug|x86.ActiveCfg = Debug|Win32
		{0004F577-BCBD-4CC6-9E1E-BA4D42722154}.Debug|x86.Build.0 = Debug|Win32
		{0004F577-BCBD-4CC6-9E1E-BA4D42722154}.Release|x64.ActiveCfg = Release|x64
		{0004F577-BCBD-4CC6-9E1E-BA4D42722154}.Release|x64.Build.0 = Release|x64
		{0004F577-BCBD-4CC6-9E1E-BA4D42722154}.Release|x86.ActiveCfg = Release|Win32
		{0004F577-BCBD-4CC6-9E1E-BA4D42722154}.Release|x86.Build.0 = Release|Win32
		{4AB81519-56B8-43C6-AB75-5CDFA92F0DC9}.Debug|x64.ActiveCfg = Debug|x64
		{4AB81519-56B8-43C6-AB75-5CDFA92F0DC9}.Debug|x64.Build.0 = Debug|x64
		{4AB81519-56B8-43C6-AB75-5CDFA92F0DC9}.Debug|x86.ActiveCfg = Debug|Win32
		{4AB81519-56B8-43C6-AB75-5CDFA92F0DC9}.Debug|x86.Build.0 = Debug|Win32
		{4AB81519-56B8-43C6-AB75-5CDFA92F0DC9}.Release|x64.ActiveCfg = Release|x64
		{4AB81519-56B8-43C6-AB75-5CDFA92F0DC9}.Release|x64.Build.0 = Release|x64
		{4AB81519-56B8-43C6-AB75-5CDFA92F0DC9}.Release|x86.ActiveCfg = Release|Win32
		{4AB81519-56B8-43C6-AB75-5CDFA92F0DC9}.Release|x86.Build.0 = Release|Win32
		{CA7D30AD-BF44-4775-88D3-47A9A588CEB0}.Debug|x64.ActiveCfg = Debug|x64
		{CA7D30AD-BF44-4775-88D3-47A9A588CEB0}.Debug|x64.Build.0 = Debug|x64
		{CA7D30AD-BF44-4775-88D3-47A9A588CEB0}.Debug|x86.ActiveCfg = Debug|Win32
		{CA7D30AD-BF44-4775-88D3-47A9A588CEB0}.Debug|x86.Build.0 = Debug|Win32
		{CA7D30AD-BF44-4775-88D3-47A9A588CEB0}.Release|x64.ActiveCfg = Release|x64
		{CA7D30AD-BF44-4775-88D3-47A9A588CEB0}.Release|x64.Build.0 = Release|x64
		{CA7D30AD-BF44-4775-88D3-47A9A588CEB0}.Release|x86.ActiveCfg = Release|Win32
		{CA7D30AD-BF44-4775-88D3-47A9A588CEB0}.Release|x86.Build.0 = Release|Win32
		{2D4FADBE-4396-4DB5-BF96-BD859087BCA0}.Debug|x64.ActiveCfg = Debug|x64
		{2D4FADBE-4396-4DB5-BF96-BD859087BCA0}.Debug|x64.Build.0 = Debug|x64
		{2D4FADBE-4396-4DB5-BF96-BD859087BCA0}.Debug|x86.ActiveCfg = Debug|Win32
		{2D4FADBE-4396-4DB5-BF96-BD859087BCA0}.Debug|x86.Build.0 = Debug|Win32
		{2D4FADBE-4396-4DB5-BF96-BD859087BCA0}.Release|x64.ActiveCfg = Release|x64
		{2D4FADBE-4396-4DB5-BF96-BD859087BCA0}.Release|x64.Build.0 = Release|x64
		{2D4FADBE-4396-4DB5-BF96-BD859087BCA0}.Release|x86.ActiveCfg = Release|Win32
		{2D4FADBE-4396-4DB5-BF96-BD859087BCA0}.Release|x86.Build.0 = Release|Win32
	EndGlobalSection
	GlobalSection(SolutionProperties) = preSolution
		HideSolutionNode = FALSE
	EndGlobalSection
	GlobalSection(ExtensibilityGlobals) = postSolution
		SolutionGuid = {971CCB2C-29A3-47A0-AD5D-C20CBE51CEC3}
	EndGlobalSection
EndGlobal
